{
  "version": 4,
  "terraform_version": "1.8.4",
  "serial": 14,
  "lineage": "0d8bf29b-a1e2-a884-be90-0216aa553825",
  "outputs": {
    "cluster_certificate_authority_data": {
      "value": "LS0tLS1CRUdJTiBDRVJUSUZJQ0FURS0tLS0tCk1JSURCVENDQWUyZ0F3SUJBZ0lJQWJqSUUwT1NScUV3RFFZSktvWklodmNOQVFFTEJRQXdGVEVUTUJFR0ExVUUKQXhNS2EzVmlaWEp1WlhSbGN6QWVGdzB5TkRBMk1ETXhNRFU1TkRSYUZ3MHpOREEyTURFeE1UQTBORFJhTUJVeApFekFSQmdOVkJBTVRDbXQxWW1WeWJtVjBaWE13Z2dFaU1BMEdDU3FHU0liM0RRRUJBUVVBQTRJQkR3QXdnZ0VLCkFvSUJBUUN0cXVrb3JMcng0QllNK1JNZlQ2Lzk3ZjlHL0FkVFpjQmJ5ZUdqNFAzTXBHRmJzeHFWWWJjaUdsUEIKbmpkSXozSE5KejE5b2ZELzd2UDBoQ2lkb0V6NGszeWJRQytGVjgvMWovbDQ3RkJnUzR2TE8wOGRDR2YwbUgxeQpVc1dhVzhJVGhtNGYwWjVRUkhvNUZBc0lodmdENGp3Vi80QlpKc0ptY2g5UEZXSGRrb2lwSzhtTS9OMGw5VjBGCm9lTmhVOElNKzhGTVU3MHBGMWl1dUJyeDE3dHc4bmJHdE9XY0VRSmRvczI5ZE9ONFFMUzlKb0F0SGo5UFBMOWkKMlZSa0xaaDkyblNUZFR5ckJPUGRka0VobFpxL0NyZDQvbi95OFZNMElaSHAwU3pRUmx0dkZ3Zi8vMlZkdXVxeApJeFNsMnZFUUV4aTNVMmUyd3dhY0N5aThqUnRYQWdNQkFBR2pXVEJYTUE0R0ExVWREd0VCL3dRRUF3SUNwREFQCkJnTlZIUk1CQWY4RUJUQURBUUgvTUIwR0ExVWREZ1FXQkJSc3lyZnZOWEVzd2IwQ0htYmJtZ2wxTkZJNnF6QVYKQmdOVkhSRUVEakFNZ2dwcmRXSmxjbTVsZEdWek1BMEdDU3FHU0liM0RRRUJDd1VBQTRJQkFRQVpzV2p0eENPUgoyWENzVzBBWW5CMmsyZVBnbnhqM0NOTVF5a3BZdnVibTRUc1ZDYXI5K0J3aDJ1QTdCcHByK3NpSUtpbXhoTUlPCk5LZWplWjVQNXpBNitDU2xHaEJmdDZESEtwblo5MUtBSjlnTEZTYlcwbTltbU0vRXJ5Y1ZBRVp6ZnhlQ2s5RFUKcjZiZUo0UDZCS2NlM3lKMXJyc3BQVUZwNWlYb0VlUlV2VHZBQzBOUmdpcXdiREhodnNVS3hWZU9GRzByY0ZKTQpLTnZkRDZjWU9hdDBvbFFxc0FFa1hxUC93ZUprZDM4S2FYYm5TMEFVaTk4aFQvZUw2THd6V2xkMkNZS1B1K1NCCkNRYzBUbEVUdDBQMG5SSU1wWlBiMXV6bEtOS3V2ZjhsZTN3U2dsL2ovODRnRitMVmpsVFlpZEZ4THJBN3dlZkIKRUk3NzVpTDVsTUxiCi0tLS0tRU5EIENFUlRJRklDQVRFLS0tLS0K",
      "type": "string"
    },
    "cluster_endpoint": {
      "value": "https://FDDE2C9CF9B97B022E5164EED110A02E.yl4.us-west-2.eks.amazonaws.com",
      "type": "string"
    },
    "cluster_id": {
      "value": "my-eks-cluster",
      "type": "string"
    }
  },
  "resources": [
    {
      "mode": "data",
      "type": "aws_availability_zones",
      "name": "available",
      "provider": "provider[\"registry.terraform.io/hashicorp/aws\"]",
      "instances": [
        {
          "schema_version": 0,
          "attributes": {
            "all_availability_zones": null,
            "exclude_names": null,
            "exclude_zone_ids": null,
            "filter": null,
            "group_names": [
              "us-west-2"
            ],
            "id": "us-west-2",
            "names": [
              "us-west-2a",
              "us-west-2b",
              "us-west-2c",
              "us-west-2d"
            ],
            "state": null,
            "timeouts": null,
            "zone_ids": [
              "usw2-az2",
              "usw2-az1",
              "usw2-az3",
              "usw2-az4"
            ]
          },
          "sensitive_attributes": []
        }
      ]
    },
    {
      "mode": "managed",
      "type": "aws_eks_cluster",
      "name": "eks_cluster",
      "provider": "provider[\"registry.terraform.io/hashicorp/aws\"]",
      "instances": [
        {
          "schema_version": 0,
          "attributes": {
            "access_config": [
              {
                "authentication_mode": "CONFIG_MAP",
                "bootstrap_cluster_creator_admin_permissions": false
              }
            ],
            "arn": "arn:aws:eks:us-west-2:058264231630:cluster/my-eks-cluster",
            "certificate_authority": [
              {
                "data": "LS0tLS1CRUdJTiBDRVJUSUZJQ0FURS0tLS0tCk1JSURCVENDQWUyZ0F3SUJBZ0lJQWJqSUUwT1NScUV3RFFZSktvWklodmNOQVFFTEJRQXdGVEVUTUJFR0ExVUUKQXhNS2EzVmlaWEp1WlhSbGN6QWVGdzB5TkRBMk1ETXhNRFU1TkRSYUZ3MHpOREEyTURFeE1UQTBORFJhTUJVeApFekFSQmdOVkJBTVRDbXQxWW1WeWJtVjBaWE13Z2dFaU1BMEdDU3FHU0liM0RRRUJBUVVBQTRJQkR3QXdnZ0VLCkFvSUJBUUN0cXVrb3JMcng0QllNK1JNZlQ2Lzk3ZjlHL0FkVFpjQmJ5ZUdqNFAzTXBHRmJzeHFWWWJjaUdsUEIKbmpkSXozSE5KejE5b2ZELzd2UDBoQ2lkb0V6NGszeWJRQytGVjgvMWovbDQ3RkJnUzR2TE8wOGRDR2YwbUgxeQpVc1dhVzhJVGhtNGYwWjVRUkhvNUZBc0lodmdENGp3Vi80QlpKc0ptY2g5UEZXSGRrb2lwSzhtTS9OMGw5VjBGCm9lTmhVOElNKzhGTVU3MHBGMWl1dUJyeDE3dHc4bmJHdE9XY0VRSmRvczI5ZE9ONFFMUzlKb0F0SGo5UFBMOWkKMlZSa0xaaDkyblNUZFR5ckJPUGRka0VobFpxL0NyZDQvbi95OFZNMElaSHAwU3pRUmx0dkZ3Zi8vMlZkdXVxeApJeFNsMnZFUUV4aTNVMmUyd3dhY0N5aThqUnRYQWdNQkFBR2pXVEJYTUE0R0ExVWREd0VCL3dRRUF3SUNwREFQCkJnTlZIUk1CQWY4RUJUQURBUUgvTUIwR0ExVWREZ1FXQkJSc3lyZnZOWEVzd2IwQ0htYmJtZ2wxTkZJNnF6QVYKQmdOVkhSRUVEakFNZ2dwcmRXSmxjbTVsZEdWek1BMEdDU3FHU0liM0RRRUJDd1VBQTRJQkFRQVpzV2p0eENPUgoyWENzVzBBWW5CMmsyZVBnbnhqM0NOTVF5a3BZdnVibTRUc1ZDYXI5K0J3aDJ1QTdCcHByK3NpSUtpbXhoTUlPCk5LZWplWjVQNXpBNitDU2xHaEJmdDZESEtwblo5MUtBSjlnTEZTYlcwbTltbU0vRXJ5Y1ZBRVp6ZnhlQ2s5RFUKcjZiZUo0UDZCS2NlM3lKMXJyc3BQVUZwNWlYb0VlUlV2VHZBQzBOUmdpcXdiREhodnNVS3hWZU9GRzByY0ZKTQpLTnZkRDZjWU9hdDBvbFFxc0FFa1hxUC93ZUprZDM4S2FYYm5TMEFVaTk4aFQvZUw2THd6V2xkMkNZS1B1K1NCCkNRYzBUbEVUdDBQMG5SSU1wWlBiMXV6bEtOS3V2ZjhsZTN3U2dsL2ovODRnRitMVmpsVFlpZEZ4THJBN3dlZkIKRUk3NzVpTDVsTUxiCi0tLS0tRU5EIENFUlRJRklDQVRFLS0tLS0K"
              }
            ],
            "cluster_id": null,
            "created_at": "2024-06-03 10:59:55.427 +0000 UTC",
            "enabled_cluster_log_types": [],
            "encryption_config": [],
            "endpoint": "https://FDDE2C9CF9B97B022E5164EED110A02E.yl4.us-west-2.eks.amazonaws.com",
            "id": "my-eks-cluster",
            "identity": [
              {
                "oidc": [
                  {
                    "issuer": "https://oidc.eks.us-west-2.amazonaws.com/id/FDDE2C9CF9B97B022E5164EED110A02E"
                  }
                ]
              }
            ],
            "kubernetes_network_config": [
              {
                "ip_family": "ipv4",
                "service_ipv4_cidr": "172.20.0.0/16",
                "service_ipv6_cidr": ""
              }
            ],
            "name": "my-eks-cluster",
            "outpost_config": [],
            "platform_version": "eks.7",
            "role_arn": "arn:aws:iam::058264231630:role/my-eks-cluster-eks-cluster-role",
            "status": "ACTIVE",
            "tags": {},
            "tags_all": {},
            "timeouts": null,
            "version": "1.29",
            "vpc_config": [
              {
                "cluster_security_group_id": "sg-05b4efe5ee4cfe8e6",
                "endpoint_private_access": false,
                "endpoint_public_access": true,
                "public_access_cidrs": [
                  "0.0.0.0/0"
                ],
                "security_group_ids": [],
                "subnet_ids": [
                  "subnet-0677e37388cc55596",
                  "subnet-0f0958634289b09e4"
                ],
                "vpc_id": "vpc-0e84b3c4e19689391"
              }
            ]
          },
          "sensitive_attributes": [],
          "private": "eyJlMmJmYjczMC1lY2FhLTExZTYtOGY4OC0zNDM2M2JjN2M0YzAiOnsiY3JlYXRlIjoxODAwMDAwMDAwMDAwLCJkZWxldGUiOjkwMDAwMDAwMDAwMCwidXBkYXRlIjozNjAwMDAwMDAwMDAwfX0=",
          "dependencies": [
            "aws_iam_role.eks_cluster_role",
            "aws_iam_role_policy_attachment.eks_cluster_role_attachment",
            "aws_subnet.eks_subnet",
            "aws_vpc.eks_vpc",
            "data.aws_availability_zones.available"
          ]
        }
      ]
    },
    {
      "mode": "managed",
      "type": "aws_eks_node_group",
      "name": "eks_node_group",
      "provider": "provider[\"registry.terraform.io/hashicorp/aws\"]",
      "instances": [
        {
          "status": "tainted",
          "schema_version": 0,
          "attributes": {
            "ami_type": null,
            "arn": null,
            "capacity_type": null,
            "cluster_name": "my-eks-cluster",
            "disk_size": null,
            "force_update_version": null,
            "id": "my-eks-cluster:my-eks-cluster-node-group",
            "instance_types": [
              "t3.medium"
            ],
            "labels": null,
            "launch_template": [],
            "node_group_name": "my-eks-cluster-node-group",
            "node_group_name_prefix": null,
            "node_role_arn": "arn:aws:iam::058264231630:role/my-eks-cluster-eks-node-role",
            "release_version": null,
            "remote_access": [],
            "resources": null,
            "scaling_config": [
              {
                "desired_size": 2,
                "max_size": 3,
                "min_size": 1
              }
            ],
            "status": null,
            "subnet_ids": [
              "subnet-0677e37388cc55596",
              "subnet-0f0958634289b09e4"
            ],
            "tags": null,
            "tags_all": null,
            "taint": [],
            "timeouts": null,
            "update_config": null,
            "version": null
          },
          "sensitive_attributes": [],
          "private": "eyJlMmJmYjczMC1lY2FhLTExZTYtOGY4OC0zNDM2M2JjN2M0YzAiOnsiY3JlYXRlIjozNjAwMDAwMDAwMDAwLCJkZWxldGUiOjM2MDAwMDAwMDAwMDAsInVwZGF0ZSI6MzYwMDAwMDAwMDAwMH19",
          "dependencies": [
            "aws_eks_cluster.eks_cluster",
            "aws_iam_role.eks_cluster_role",
            "aws_iam_role.eks_node_role",
            "aws_iam_role_policy_attachment.eks_cluster_role_attachment",
            "aws_iam_role_policy_attachment.eks_cni_policy_attachment",
            "aws_iam_role_policy_attachment.eks_node_role_attachment",
            "aws_iam_role_policy_attachment.eks_registry_policy_attachment",
            "aws_subnet.eks_subnet",
            "aws_vpc.eks_vpc",
            "data.aws_availability_zones.available"
          ]
        }
      ]
    },
    {
      "mode": "managed",
      "type": "aws_iam_role",
      "name": "eks_cluster_role",
      "provider": "provider[\"registry.terraform.io/hashicorp/aws\"]",
      "instances": [
        {
          "schema_version": 0,
          "attributes": {
            "arn": "arn:aws:iam::058264231630:role/my-eks-cluster-eks-cluster-role",
            "assume_role_policy": "{\"Statement\":[{\"Action\":\"sts:AssumeRole\",\"Effect\":\"Allow\",\"Principal\":{\"Service\":\"eks.amazonaws.com\"}}],\"Version\":\"2012-10-17\"}",
            "create_date": "2024-06-03T10:59:46Z",
            "description": "",
            "force_detach_policies": false,
            "id": "my-eks-cluster-eks-cluster-role",
            "inline_policy": [],
            "managed_policy_arns": [
              "arn:aws:iam::aws:policy/AmazonEKSClusterPolicy"
            ],
            "max_session_duration": 3600,
            "name": "my-eks-cluster-eks-cluster-role",
            "name_prefix": "",
            "path": "/",
            "permissions_boundary": "",
            "tags": {},
            "tags_all": {},
            "unique_id": "AROAQ3EGRT3HFKRQIDOD3"
          },
          "sensitive_attributes": [],
          "private": "bnVsbA=="
        }
      ]
    },
    {
      "mode": "managed",
      "type": "aws_iam_role",
      "name": "eks_node_role",
      "provider": "provider[\"registry.terraform.io/hashicorp/aws\"]",
      "instances": [
        {
          "schema_version": 0,
          "attributes": {
            "arn": "arn:aws:iam::058264231630:role/my-eks-cluster-eks-node-role",
            "assume_role_policy": "{\"Statement\":[{\"Action\":\"sts:AssumeRole\",\"Effect\":\"Allow\",\"Principal\":{\"Service\":\"ec2.amazonaws.com\"}}],\"Version\":\"2012-10-17\"}",
            "create_date": "2024-06-03T10:59:46Z",
            "description": "",
            "force_detach_policies": false,
            "id": "my-eks-cluster-eks-node-role",
            "inline_policy": [],
            "managed_policy_arns": [
              "arn:aws:iam::aws:policy/AmazonEC2ContainerRegistryReadOnly",
              "arn:aws:iam::aws:policy/AmazonEKSWorkerNodePolicy"
            ],
            "max_session_duration": 3600,
            "name": "my-eks-cluster-eks-node-role",
            "name_prefix": "",
            "path": "/",
            "permissions_boundary": "",
            "tags": {},
            "tags_all": {},
            "unique_id": "AROAQ3EGRT3HLOUYQNNDL"
          },
          "sensitive_attributes": [],
          "private": "bnVsbA=="
        }
      ]
    },
    {
      "mode": "managed",
      "type": "aws_iam_role_policy_attachment",
      "name": "eks_cluster_role_attachment",
      "provider": "provider[\"registry.terraform.io/hashicorp/aws\"]",
      "instances": [
        {
          "schema_version": 0,
          "attributes": {
            "id": "my-eks-cluster-eks-cluster-role-20240603105947925400000003",
            "policy_arn": "arn:aws:iam::aws:policy/AmazonEKSClusterPolicy",
            "role": "my-eks-cluster-eks-cluster-role"
          },
          "sensitive_attributes": [],
          "private": "bnVsbA==",
          "dependencies": [
            "aws_iam_role.eks_cluster_role"
          ]
        }
      ]
    },
    {
      "mode": "managed",
      "type": "aws_iam_role_policy_attachment",
      "name": "eks_cni_policy_attachment",
      "provider": "provider[\"registry.terraform.io/hashicorp/aws\"]",
      "instances": [
        {
          "schema_version": 0,
          "attributes": {
            "id": "my-eks-cluster-eks-node-role-20240603111205529000000001",
            "policy_arn": "arn:aws:iam::aws:policy/AmazonEKS_CNI_Policy",
            "role": "my-eks-cluster-eks-node-role"
          },
          "sensitive_attributes": [],
          "private": "bnVsbA==",
          "dependencies": [
            "aws_iam_role.eks_node_role"
          ]
        }
      ]
    },
    {
      "mode": "managed",
      "type": "aws_iam_role_policy_attachment",
      "name": "eks_node_role_attachment",
      "provider": "provider[\"registry.terraform.io/hashicorp/aws\"]",
      "instances": [
        {
          "schema_version": 0,
          "attributes": {
            "id": "my-eks-cluster-eks-node-role-20240603105947567000000001",
            "policy_arn": "arn:aws:iam::aws:policy/AmazonEKSWorkerNodePolicy",
            "role": "my-eks-cluster-eks-node-role"
          },
          "sensitive_attributes": [],
          "private": "bnVsbA==",
          "dependencies": [
            "aws_iam_role.eks_node_role"
          ]
        }
      ]
    },
    {
      "mode": "managed",
      "type": "aws_iam_role_policy_attachment",
      "name": "eks_registry_policy_attachment",
      "provider": "provider[\"registry.terraform.io/hashicorp/aws\"]",
      "instances": [
        {
          "schema_version": 0,
          "attributes": {
            "id": "my-eks-cluster-eks-node-role-20240603105947788400000002",
            "policy_arn": "arn:aws:iam::aws:policy/AmazonEC2ContainerRegistryReadOnly",
            "role": "my-eks-cluster-eks-node-role"
          },
          "sensitive_attributes": [],
          "private": "bnVsbA==",
          "dependencies": [
            "aws_iam_role.eks_node_role"
          ]
        }
      ]
    },
    {
      "mode": "managed",
      "type": "aws_subnet",
      "name": "eks_subnet",
      "provider": "provider[\"registry.terraform.io/hashicorp/aws\"]",
      "instances": [
        {
          "index_key": 0,
          "schema_version": 1,
          "attributes": {
            "arn": "arn:aws:ec2:us-west-2:058264231630:subnet/subnet-0f0958634289b09e4",
            "assign_ipv6_address_on_creation": false,
            "availability_zone": "us-west-2a",
            "availability_zone_id": "usw2-az2",
            "cidr_block": "10.0.0.0/24",
            "customer_owned_ipv4_pool": "",
            "enable_dns64": false,
            "enable_lni_at_device_index": 0,
            "enable_resource_name_dns_a_record_on_launch": false,
            "enable_resource_name_dns_aaaa_record_on_launch": false,
            "id": "subnet-0f0958634289b09e4",
            "ipv6_cidr_block": "",
            "ipv6_cidr_block_association_id": "",
            "ipv6_native": false,
            "map_customer_owned_ip_on_launch": false,
            "map_public_ip_on_launch": false,
            "outpost_arn": "",
            "owner_id": "058264231630",
            "private_dns_hostname_type_on_launch": "ip-name",
            "tags": {
              "Name": "my-eks-cluster-subnet-0"
            },
            "tags_all": {
              "Name": "my-eks-cluster-subnet-0"
            },
            "timeouts": null,
            "vpc_id": "vpc-0e84b3c4e19689391"
          },
          "sensitive_attributes": [],
          "private": "eyJlMmJmYjczMC1lY2FhLTExZTYtOGY4OC0zNDM2M2JjN2M0YzAiOnsiY3JlYXRlIjo2MDAwMDAwMDAwMDAsImRlbGV0ZSI6MTIwMDAwMDAwMDAwMH0sInNjaGVtYV92ZXJzaW9uIjoiMSJ9",
          "dependencies": [
            "aws_vpc.eks_vpc",
            "data.aws_availability_zones.available"
          ]
        },
        {
          "index_key": 1,
          "schema_version": 1,
          "attributes": {
            "arn": "arn:aws:ec2:us-west-2:058264231630:subnet/subnet-0677e37388cc55596",
            "assign_ipv6_address_on_creation": false,
            "availability_zone": "us-west-2b",
            "availability_zone_id": "usw2-az1",
            "cidr_block": "10.0.1.0/24",
            "customer_owned_ipv4_pool": "",
            "enable_dns64": false,
            "enable_lni_at_device_index": 0,
            "enable_resource_name_dns_a_record_on_launch": false,
            "enable_resource_name_dns_aaaa_record_on_launch": false,
            "id": "subnet-0677e37388cc55596",
            "ipv6_cidr_block": "",
            "ipv6_cidr_block_association_id": "",
            "ipv6_native": false,
            "map_customer_owned_ip_on_launch": false,
            "map_public_ip_on_launch": false,
            "outpost_arn": "",
            "owner_id": "058264231630",
            "private_dns_hostname_type_on_launch": "ip-name",
            "tags": {
              "Name": "my-eks-cluster-subnet-1"
            },
            "tags_all": {
              "Name": "my-eks-cluster-subnet-1"
            },
            "timeouts": null,
            "vpc_id": "vpc-0e84b3c4e19689391"
          },
          "sensitive_attributes": [],
          "private": "eyJlMmJmYjczMC1lY2FhLTExZTYtOGY4OC0zNDM2M2JjN2M0YzAiOnsiY3JlYXRlIjo2MDAwMDAwMDAwMDAsImRlbGV0ZSI6MTIwMDAwMDAwMDAwMH0sInNjaGVtYV92ZXJzaW9uIjoiMSJ9",
          "dependencies": [
            "aws_vpc.eks_vpc",
            "data.aws_availability_zones.available"
          ]
        }
      ]
    },
    {
      "mode": "managed",
      "type": "aws_vpc",
      "name": "eks_vpc",
      "provider": "provider[\"registry.terraform.io/hashicorp/aws\"]",
      "instances": [
        {
          "schema_version": 1,
          "attributes": {
            "arn": "arn:aws:ec2:us-west-2:058264231630:vpc/vpc-0e84b3c4e19689391",
            "assign_generated_ipv6_cidr_block": false,
            "cidr_block": "10.0.0.0/16",
            "default_network_acl_id": "acl-06744102fb71adf46",
            "default_route_table_id": "rtb-077fdce0320dc505a",
            "default_security_group_id": "sg-07b66dad27bd489a5",
            "dhcp_options_id": "dopt-044934be4ffd33d47",
            "enable_dns_hostnames": false,
            "enable_dns_support": true,
            "enable_network_address_usage_metrics": false,
            "id": "vpc-0e84b3c4e19689391",
            "instance_tenancy": "default",
            "ipv4_ipam_pool_id": null,
            "ipv4_netmask_length": null,
            "ipv6_association_id": "",
            "ipv6_cidr_block": "",
            "ipv6_cidr_block_network_border_group": "",
            "ipv6_ipam_pool_id": "",
            "ipv6_netmask_length": 0,
            "main_route_table_id": "rtb-077fdce0320dc505a",
            "owner_id": "058264231630",
            "tags": {
              "Name": "my-eks-cluster-vpc"
            },
            "tags_all": {
              "Name": "my-eks-cluster-vpc"
            }
          },
          "sensitive_attributes": [],
          "private": "eyJzY2hlbWFfdmVyc2lvbiI6IjEifQ=="
        }
      ]
    }
  ],
  "check_results": null
}
